Microsoft Visual Studio Solution File, Format Version 12.00
# Visual Studio 14
VisualStudioVersion = 14.0.25420.1
MinimumVisualStudioVersion = 10.0.40219.1
Project("{8BC9CEB8-8B4A-11D0-8D11-00A0C91BC942}") = "AGVC", "AGVC\AGVC.vcxproj", "{53F99D29-EDD1-41DA-92B5-7839CEF72601}"
EndProject
Project("{8BC9CEB8-8B4A-11D0-8D11-00A0C91BC942}") = "AGVCCON", "AGVCCON\AGVCCON.vcxproj", "{F64E389F-A561-4318-AC37-1B850EB6EBDA}"
	ProjectSection(ProjectDependencies) = postProject
		{53F99D29-EDD1-41DA-92B5-7839CEF72601} = {53F99D29-EDD1-41DA-92B5-7839CEF72601}
		{D38E6731-2E65-45C0-865D-C0DF4270A608} = {D38E6731-2E65-45C0-865D-C0DF4270A608}
		{610D88B5-F864-4F71-AE97-6CC454B02D8E} = {610D88B5-F864-4F71-AE97-6CC454B02D8E}
		{9BDAF8E0-B55C-41B3-97F5-D40AC2E9C1A7} = {9BDAF8E0-B55C-41B3-97F5-D40AC2E9C1A7}
	EndProjectSection
EndProject
Project("{8BC9CEB8-8B4A-11D0-8D11-00A0C91BC942}") = "MSP2003", "MSP2003\MSP2003.vcxproj", "{610D88B5-F864-4F71-AE97-6CC454B02D8E}"
EndProject
Project("{8BC9CEB8-8B4A-11D0-8D11-00A0C91BC942}") = "MSP2007", "MSP2007\MSP2007.vcxproj", "{D38E6731-2E65-45C0-865D-C0DF4270A608}"
EndProject
Project("{8BC9CEB8-8B4A-11D0-8D11-00A0C91BC942}") = "MSP2010", "MSP2010\MSP2010.vcxproj", "{9BDAF8E0-B55C-41B3-97F5-D40AC2E9C1A7}"
EndProject
Global
	GlobalSection(SolutionConfigurationPlatforms) = preSolution
		Debug|Win32 = Debug|Win32
		Release|Win32 = Release|Win32
		SCSCustomer|Win32 = SCSCustomer|Win32
		SCSDemo|Win32 = SCSDemo|Win32
		Unicode Debug|Win32 = Unicode Debug|Win32
	EndGlobalSection
	GlobalSection(ProjectConfigurationPlatforms) = postSolution
		{53F99D29-EDD1-41DA-92B5-7839CEF72601}.Debug|Win32.ActiveCfg = SCSCustomer|Win32
		{53F99D29-EDD1-41DA-92B5-7839CEF72601}.Debug|Win32.Build.0 = SCSCustomer|Win32
		{53F99D29-EDD1-41DA-92B5-7839CEF72601}.Release|Win32.ActiveCfg = Unicode Debug|Win32
		{53F99D29-EDD1-41DA-92B5-7839CEF72601}.Release|Win32.Build.0 = Unicode Debug|Win32
		{53F99D29-EDD1-41DA-92B5-7839CEF72601}.SCSCustomer|Win32.ActiveCfg = SCSCustomer|Win32
		{53F99D29-EDD1-41DA-92B5-7839CEF72601}.SCSCustomer|Win32.Build.0 = SCSCustomer|Win32
		{53F99D29-EDD1-41DA-92B5-7839CEF72601}.SCSDemo|Win32.ActiveCfg = SCSDemo|Win32
		{53F99D29-EDD1-41DA-92B5-7839CEF72601}.SCSDemo|Win32.Build.0 = SCSDemo|Win32
		{53F99D29-EDD1-41DA-92B5-7839CEF72601}.Unicode Debug|Win32.ActiveCfg = Unicode Debug|Win32
		{53F99D29-EDD1-41DA-92B5-7839CEF72601}.Unicode Debug|Win32.Build.0 = Unicode Debug|Win32
		{F64E389F-A561-4318-AC37-1B850EB6EBDA}.Debug|Win32.ActiveCfg = Debug|Win32
		{F64E389F-A561-4318-AC37-1B850EB6EBDA}.Debug|Win32.Build.0 = Debug|Win32
		{F64E389F-A561-4318-AC37-1B850EB6EBDA}.Release|Win32.ActiveCfg = Release|Win32
		{F64E389F-A561-4318-AC37-1B850EB6EBDA}.Release|Win32.Build.0 = Release|Win32
		{F64E389F-A561-4318-AC37-1B850EB6EBDA}.SCSCustomer|Win32.ActiveCfg = Release|Win32
		{F64E389F-A561-4318-AC37-1B850EB6EBDA}.SCSCustomer|Win32.Build.0 = Release|Win32
		{F64E389F-A561-4318-AC37-1B850EB6EBDA}.SCSDemo|Win32.ActiveCfg = Release|Win32
		{F64E389F-A561-4318-AC37-1B850EB6EBDA}.SCSDemo|Win32.Build.0 = Release|Win32
		{F64E389F-A561-4318-AC37-1B850EB6EBDA}.Unicode Debug|Win32.ActiveCfg = Debug|Win32
		{F64E389F-A561-4318-AC37-1B850EB6EBDA}.Unicode Debug|Win32.Build.0 = Debug|Win32
		{610D88B5-F864-4F71-AE97-6CC454B02D8E}.Debug|Win32.ActiveCfg = Unicode Debug|Win32
		{610D88B5-F864-4F71-AE97-6CC454B02D8E}.Debug|Win32.Build.0 = Unicode Debug|Win32
		{610D88B5-F864-4F71-AE97-6CC454B02D8E}.Release|Win32.ActiveCfg = Unicode Debug|Win32
		{610D88B5-F864-4F71-AE97-6CC454B02D8E}.Release|Win32.Build.0 = Unicode Debug|Win32
		{610D88B5-F864-4F71-AE97-6CC454B02D8E}.SCSCustomer|Win32.ActiveCfg = SCSCustomer|Win32
		{610D88B5-F864-4F71-AE97-6CC454B02D8E}.SCSCustomer|Win32.Build.0 = SCSCustomer|Win32
		{610D88B5-F864-4F71-AE97-6CC454B02D8E}.SCSDemo|Win32.ActiveCfg = SCSDemo|Win32
		{610D88B5-F864-4F71-AE97-6CC454B02D8E}.SCSDemo|Win32.Build.0 = SCSDemo|Win32
		{610D88B5-F864-4F71-AE97-6CC454B02D8E}.Unicode Debug|Win32.ActiveCfg = Unicode Debug|Win32
		{610D88B5-F864-4F71-AE97-6CC454B02D8E}.Unicode Debug|Win32.Build.0 = Unicode Debug|Win32
		{D38E6731-2E65-45C0-865D-C0DF4270A608}.Debug|Win32.ActiveCfg = Unicode Debug|Win32
		{D38E6731-2E65-45C0-865D-C0DF4270A608}.Debug|Win32.Build.0 = Unicode Debug|Win32
		{D38E6731-2E65-45C0-865D-C0DF4270A608}.Release|Win32.ActiveCfg = Unicode Debug|Win32
		{D38E6731-2E65-45C0-865D-C0DF4270A608}.Release|Win32.Build.0 = Unicode Debug|Win32
		{D38E6731-2E65-45C0-865D-C0DF4270A608}.SCSCustomer|Win32.ActiveCfg = SCSCustomer|Win32
		{D38E6731-2E65-45C0-865D-C0DF4270A608}.SCSCustomer|Win32.Build.0 = SCSCustomer|Win32
		{D38E6731-2E65-45C0-865D-C0DF4270A608}.SCSDemo|Win32.ActiveCfg = SCSDemo|Win32
		{D38E6731-2E65-45C0-865D-C0DF4270A608}.SCSDemo|Win32.Build.0 = SCSDemo|Win32
		{D38E6731-2E65-45C0-865D-C0DF4270A608}.Unicode Debug|Win32.ActiveCfg = Unicode Debug|Win32
		{D38E6731-2E65-45C0-865D-C0DF4270A608}.Unicode Debug|Win32.Build.0 = Unicode Debug|Win32
		{9BDAF8E0-B55C-41B3-97F5-D40AC2E9C1A7}.Debug|Win32.ActiveCfg = Unicode Debug|Win32
		{9BDAF8E0-B55C-41B3-97F5-D40AC2E9C1A7}.Debug|Win32.Build.0 = Unicode Debug|Win32
		{9BDAF8E0-B55C-41B3-97F5-D40AC2E9C1A7}.Release|Win32.ActiveCfg = Unicode Debug|Win32
		{9BDAF8E0-B55C-41B3-97F5-D40AC2E9C1A7}.Release|Win32.Build.0 = Unicode Debug|Win32
		{9BDAF8E0-B55C-41B3-97F5-D40AC2E9C1A7}.SCSCustomer|Win32.ActiveCfg = SCSCustomer|Win32
		{9BDAF8E0-B55C-41B3-97F5-D40AC2E9C1A7}.SCSCustomer|Win32.Build.0 = SCSCustomer|Win32
		{9BDAF8E0-B55C-41B3-97F5-D40AC2E9C1A7}.SCSDemo|Win32.ActiveCfg = SCSDemo|Win32
		{9BDAF8E0-B55C-41B3-97F5-D40AC2E9C1A7}.SCSDemo|Win32.Build.0 = SCSDemo|Win32
		{9BDAF8E0-B55C-41B3-97F5-D40AC2E9C1A7}.Unicode Debug|Win32.ActiveCfg = Unicode Debug|Win32
		{9BDAF8E0-B55C-41B3-97F5-D40AC2E9C1A7}.Unicode Debug|Win32.Build.0 = Unicode Debug|Win32
	EndGlobalSection
	GlobalSection(SolutionProperties) = preSolution
		HideSolutionNode = FALSE
	EndGlobalSection
EndGlobal
