<?xml version="1.0" encoding="utf-8"?>
<Project ToolsVersion="4.0" xmlns="http://schemas.microsoft.com/developer/msbuild/2003">
  <ItemGroup>
    <Filter Include="Source Files">
      <UniqueIdentifier>{fbaf9c23-b3a4-417d-84ca-f44bd8e65d66}</UniqueIdentifier>
      <Extensions>cpp;c;cxx;rc;def;r;odl;idl;hpj;bat</Extensions>
    </Filter>
    <Filter Include="Header Files">
      <UniqueIdentifier>{f69ced03-bbb1-4e60-88d9-10c45ea104f2}</UniqueIdentifier>
      <Extensions>h;hpp;hxx;hm;inl;</Extensions>
    </Filter>
    <Filter Include="Resource Files">
      <UniqueIdentifier>{954d3bad-bec4-4f59-8594-4ffe75498669}</UniqueIdentifier>
      <Extensions>ico;cur;bmp;dlg;rc2;rct;bin;rgs;gif;jpg;jpeg;jpe</Extensions>
    </Filter>
  </ItemGroup>
  <ItemGroup>
    <ClCompile Include="ActiveGanttVC.cpp">
      <Filter>Source Files</Filter>
    </ClCompile>
    <ClCompile Include="ActiveGanttVCCtl.cpp">
      <Filter>Source Files</Filter>
    </ClCompile>
    <ClCompile Include="ActiveGanttVCPpg.cpp">
      <Filter>Source Files</Filter>
    </ClCompile>
    <ClCompile Include="cathelp.cpp">
      <Filter>Source Files</Filter>
    </ClCompile>
    <ClCompile Include="clsButtonBorderStyle.cpp">
      <Filter>Source Files</Filter>
    </ClCompile>
    <ClCompile Include="clsButtonState.cpp">
      <Filter>Source Files</Filter>
    </ClCompile>
    <ClCompile Include="clsCell.cpp">
      <Filter>Source Files</Filter>
    </ClCompile>
    <ClCompile Include="clsCells.cpp">
      <Filter>Source Files</Filter>
    </ClCompile>
    <ClCompile Include="clsClientArea.cpp">
      <Filter>Source Files</Filter>
    </ClCompile>
    <ClCompile Include="clsCollectionBase.cpp">
      <Filter>Source Files</Filter>
    </ClCompile>
    <ClCompile Include="clsColumn.cpp">
      <Filter>Source Files</Filter>
    </ClCompile>
    <ClCompile Include="clsColumns.cpp">
      <Filter>Source Files</Filter>
    </ClCompile>
    <ClCompile Include="clsCultureInfo.cpp">
      <Filter>Source Files</Filter>
    </ClCompile>
    <ClCompile Include="clsCustomBorderStyle.cpp">
      <Filter>Source Files</Filter>
    </ClCompile>
    <ClCompile Include="clsDrawing.cpp">
      <Filter>Source Files</Filter>
    </ClCompile>
    <ClCompile Include="clsFont.cpp">
      <Filter>Source Files</Filter>
    </ClCompile>
    <ClCompile Include="clsGDIGraphics.cpp">
      <Filter>Source Files</Filter>
    </ClCompile>
    <ClCompile Include="clsGraphics.cpp">
      <Filter>Source Files</Filter>
    </ClCompile>
    <ClCompile Include="clsGrid.cpp">
      <Filter>Source Files</Filter>
    </ClCompile>
    <ClCompile Include="clsHorizontalScrollBar.cpp">
      <Filter>Source Files</Filter>
    </ClCompile>
    <ClCompile Include="clsHScrollBarTemplate.cpp">
      <Filter>Source Files</Filter>
    </ClCompile>
    <ClCompile Include="clsImage.cpp">
      <Filter>Source Files</Filter>
    </ClCompile>
    <ClCompile Include="clsItemBase.cpp">
      <Filter>Source Files</Filter>
    </ClCompile>
    <ClCompile Include="clsLayer.cpp">
      <Filter>Source Files</Filter>
    </ClCompile>
    <ClCompile Include="clsLayers.cpp">
      <Filter>Source Files</Filter>
    </ClCompile>
    <ClCompile Include="clsMath.cpp">
      <Filter>Source Files</Filter>
    </ClCompile>
    <ClCompile Include="clsMilestoneStyle.cpp">
      <Filter>Source Files</Filter>
    </ClCompile>
    <ClCompile Include="clsMouseKeyboardEvents.cpp">
      <Filter>Source Files</Filter>
    </ClCompile>
    <ClCompile Include="clsNode.cpp">
      <Filter>Source Files</Filter>
    </ClCompile>
    <ClCompile Include="clsPercentage.cpp">
      <Filter>Source Files</Filter>
    </ClCompile>
    <ClCompile Include="clsPercentages.cpp">
      <Filter>Source Files</Filter>
    </ClCompile>
    <ClCompile Include="clsPredecessor.cpp">
      <Filter>Source Files</Filter>
    </ClCompile>
    <ClCompile Include="clsPredecessors.cpp">
      <Filter>Source Files</Filter>
    </ClCompile>
    <ClCompile Include="clsPredecessorStyle.cpp">
      <Filter>Source Files</Filter>
    </ClCompile>
    <ClCompile Include="clsPrinter.cpp">
      <Filter>Source Files</Filter>
    </ClCompile>
    <ClCompile Include="clsProgressLine.cpp">
      <Filter>Source Files</Filter>
    </ClCompile>
    <ClCompile Include="clsRow.cpp">
      <Filter>Source Files</Filter>
    </ClCompile>
    <ClCompile Include="clsRows.cpp">
      <Filter>Source Files</Filter>
    </ClCompile>
    <ClCompile Include="clsScrollBarSeparator.cpp">
      <Filter>Source Files</Filter>
    </ClCompile>
    <ClCompile Include="clsScrollBarStyle.cpp">
      <Filter>Source Files</Filter>
    </ClCompile>
    <ClCompile Include="clsSelectionRectangleStyle.cpp">
      <Filter>Source Files</Filter>
    </ClCompile>
    <ClCompile Include="clsSplitter.cpp">
      <Filter>Source Files</Filter>
    </ClCompile>
    <ClCompile Include="clsStyle.cpp">
      <Filter>Source Files</Filter>
    </ClCompile>
    <ClCompile Include="clsStyles.cpp">
      <Filter>Source Files</Filter>
    </ClCompile>
    <ClCompile Include="clsTask.cpp">
      <Filter>Source Files</Filter>
    </ClCompile>
    <ClCompile Include="clsTasks.cpp">
      <Filter>Source Files</Filter>
    </ClCompile>
    <ClCompile Include="clsTaskStyle.cpp">
      <Filter>Source Files</Filter>
    </ClCompile>
    <ClCompile Include="clsTextBox.cpp">
      <Filter>Source Files</Filter>
    </ClCompile>
    <ClCompile Include="clsTextFlags.cpp">
      <Filter>Source Files</Filter>
    </ClCompile>
    <ClCompile Include="clsTickMark.cpp">
      <Filter>Source Files</Filter>
    </ClCompile>
    <ClCompile Include="clsTickMarkArea.cpp">
      <Filter>Source Files</Filter>
    </ClCompile>
    <ClCompile Include="clsTickMarks.cpp">
      <Filter>Source Files</Filter>
    </ClCompile>
    <ClCompile Include="clsTier.cpp">
      <Filter>Source Files</Filter>
    </ClCompile>
    <ClCompile Include="clsTierAppearance.cpp">
      <Filter>Source Files</Filter>
    </ClCompile>
    <ClCompile Include="clsTierArea.cpp">
      <Filter>Source Files</Filter>
    </ClCompile>
    <ClCompile Include="clsTierColor.cpp">
      <Filter>Source Files</Filter>
    </ClCompile>
    <ClCompile Include="clsTierColors.cpp">
      <Filter>Source Files</Filter>
    </ClCompile>
    <ClCompile Include="clsTierFormat.cpp">
      <Filter>Source Files</Filter>
    </ClCompile>
    <ClCompile Include="clsTimeBlock.cpp">
      <Filter>Source Files</Filter>
    </ClCompile>
    <ClCompile Include="clsTimeBlocks.cpp">
      <Filter>Source Files</Filter>
    </ClCompile>
    <ClCompile Include="clsTimeLine.cpp">
      <Filter>Source Files</Filter>
    </ClCompile>
    <ClCompile Include="clsTimeLineScrollBar.cpp">
      <Filter>Source Files</Filter>
    </ClCompile>
    <ClCompile Include="clsToolTip.cpp">
      <Filter>Source Files</Filter>
    </ClCompile>
    <ClCompile Include="clsTreeview.cpp">
      <Filter>Source Files</Filter>
    </ClCompile>
    <ClCompile Include="clsVerticalScrollBar.cpp">
      <Filter>Source Files</Filter>
    </ClCompile>
    <ClCompile Include="clsView.cpp">
      <Filter>Source Files</Filter>
    </ClCompile>
    <ClCompile Include="clsViews.cpp">
      <Filter>Source Files</Filter>
    </ClCompile>
    <ClCompile Include="clsVScrollBarTemplate.cpp">
      <Filter>Source Files</Filter>
    </ClCompile>
    <ClCompile Include="clsXML.cpp">
      <Filter>Source Files</Filter>
    </ClCompile>
    <ClCompile Include="CustomTierDrawEventArgs.cpp">
      <Filter>Source Files</Filter>
    </ClCompile>
    <ClCompile Include="DrawEventArgs.cpp">
      <Filter>Source Files</Filter>
    </ClCompile>
    <ClCompile Include="ErrorEventArgs.cpp">
      <Filter>Source Files</Filter>
    </ClCompile>
    <ClCompile Include="fAbout.cpp">
      <Filter>Source Files</Filter>
    </ClCompile>
    <ClCompile Include="GlobalDateFunctions.cpp">
      <Filter>Source Files</Filter>
    </ClCompile>
    <ClCompile Include="GlobalFunctions.cpp">
      <Filter>Source Files</Filter>
    </ClCompile>
    <ClCompile Include="KeyEventArgs.cpp">
      <Filter>Source Files</Filter>
    </ClCompile>
    <ClCompile Include="MouseEventArgs.cpp">
      <Filter>Source Files</Filter>
    </ClCompile>
    <ClCompile Include="MouseWheelEventArgs.cpp">
      <Filter>Source Files</Filter>
    </ClCompile>
    <ClCompile Include="NodeEventArgs.cpp">
      <Filter>Source Files</Filter>
    </ClCompile>
    <ClCompile Include="NumericFormat.cpp">
      <Filter>Source Files</Filter>
    </ClCompile>
    <ClCompile Include="ObjectAddedEventArgs.cpp">
      <Filter>Source Files</Filter>
    </ClCompile>
    <ClCompile Include="ObjectSelectedEventArgs.cpp">
      <Filter>Source Files</Filter>
    </ClCompile>
    <ClCompile Include="ObjectStateChangedEventArgs.cpp">
      <Filter>Source Files</Filter>
    </ClCompile>
    <ClCompile Include="PredecessorDrawEventArgs.cpp">
      <Filter>Source Files</Filter>
    </ClCompile>
    <ClCompile Include="PredecessorExceptionEventArgs.cpp">
      <Filter>Source Files</Filter>
    </ClCompile>
    <ClCompile Include="ScrollEventArgs.cpp">
      <Filter>Source Files</Filter>
    </ClCompile>
    <ClCompile Include="StdAfx.cpp">
      <Filter>Source Files</Filter>
    </ClCompile>
    <ClCompile Include="TextEditEventArgs.cpp">
      <Filter>Source Files</Filter>
    </ClCompile>
    <ClCompile Include="ToolTipEventArgs.cpp">
      <Filter>Source Files</Filter>
    </ClCompile>
    <ClCompile Include="CustomTickMarkAreaDrawEventArgs.cpp">
      <Filter>Source Files</Filter>
    </ClCompile>
    <ClCompile Include="TickMarkTextDrawEventArgs.cpp">
      <Filter>Source Files</Filter>
    </ClCompile>
    <ClCompile Include="PagePrintEventArgs.cpp">
      <Filter>Source Files</Filter>
    </ClCompile>
    <ClCompile Include="clsConfiguration.cpp">
      <Filter>Source Files</Filter>
    </ClCompile>
    <ClCompile Include="ControlTemplateGradient.cpp">
      <Filter>Source Files</Filter>
    </ClCompile>
    <ClCompile Include="ControlTemplateSolid.cpp">
      <Filter>Source Files</Filter>
    </ClCompile>
    <ClCompile Include="Templates.cpp">
      <Filter>Source Files</Filter>
    </ClCompile>
    <ClCompile Include="ActiveGanttVCWrappers.cpp">
      <Filter>Source Files</Filter>
    </ClCompile>
  </ItemGroup>
  <ItemGroup>
    <None Include="ActiveGanttVC.def">
      <Filter>Source Files</Filter>
    </None>
    <None Include="4WAY02.CUR">
      <Filter>Resource Files</Filter>
    </None>
    <None Include="ActiveGantt.ico">
      <Filter>Resource Files</Filter>
    </None>
    <None Include="ActiveGanttVCCtl.bmp">
      <Filter>Resource Files</Filter>
    </None>
    <None Include="arrow.cur">
      <Filter>Resource Files</Filter>
    </None>
    <None Include="C_WAIT05.CUR">
      <Filter>Resource Files</Filter>
    </None>
    <None Include="CROSS02.CUR">
      <Filter>Resource Files</Filter>
    </None>
    <None Include="CROSS03.CUR">
      <Filter>Resource Files</Filter>
    </None>
    <None Include="cursor1.cur">
      <Filter>Resource Files</Filter>
    </None>
    <None Include="DRAGMOVE.CUR">
      <Filter>Resource Files</Filter>
    </None>
    <None Include="EW_01.CUR">
      <Filter>Resource Files</Filter>
    </None>
    <None Include="EW_08.CUR">
      <Filter>Resource Files</Filter>
    </None>
    <None Include="H_POINT.CUR">
      <Filter>Resource Files</Filter>
    </None>
    <None Include="HELP.ICO">
      <Filter>Resource Files</Filter>
    </None>
    <None Include="HO_SPLIT.CUR">
      <Filter>Resource Files</Filter>
    </None>
    <None Include="IBeam.cur">
      <Filter>Resource Files</Filter>
    </None>
    <None Include="icon.bmp">
      <Filter>Resource Files</Filter>
    </None>
    <None Include="NODROP01.CUR">
      <Filter>Resource Files</Filter>
    </None>
    <None Include="NORMAL01.CUR">
      <Filter>Resource Files</Filter>
    </None>
    <None Include="NS_01.CUR">
      <Filter>Resource Files</Filter>
    </None>
    <None Include="NS_02.CUR">
      <Filter>Resource Files</Filter>
    </None>
    <None Include="PERCENTAGE.CUR">
      <Filter>Resource Files</Filter>
    </None>
    <None Include="PREDECESSOR.CUR">
      <Filter>Resource Files</Filter>
    </None>
    <None Include="VE_SIZEB.CUR">
      <Filter>Resource Files</Filter>
    </None>
    <None Include="VE_SPLIT.CUR">
      <Filter>Resource Files</Filter>
    </None>
    <None Include="..\..\..\..\FIXES_REGISTRY_CMD\AGVC.reg" />
  </ItemGroup>
  <ItemGroup>
    <Midl Include="ActiveGanttVC.odl">
      <Filter>Source Files</Filter>
    </Midl>
  </ItemGroup>
  <ItemGroup>
    <ResourceCompile Include="ActiveGanttVC.rc">
      <Filter>Source Files</Filter>
    </ResourceCompile>
  </ItemGroup>
  <ItemGroup>
    <ClInclude Include="VersionInfo.h">
      <Filter>Source Files</Filter>
    </ClInclude>
    <ClInclude Include="ActiveGanttVC.h">
      <Filter>Header Files</Filter>
    </ClInclude>
    <ClInclude Include="ActiveGanttVCCtl.h">
      <Filter>Header Files</Filter>
    </ClInclude>
    <ClInclude Include="ActiveGanttVCPpg.h">
      <Filter>Header Files</Filter>
    </ClInclude>
    <ClInclude Include="cathelp.h">
      <Filter>Header Files</Filter>
    </ClInclude>
    <ClInclude Include="clsButtonBorderStyle.h">
      <Filter>Header Files</Filter>
    </ClInclude>
    <ClInclude Include="clsButtonState.h">
      <Filter>Header Files</Filter>
    </ClInclude>
    <ClInclude Include="clsCell.h">
      <Filter>Header Files</Filter>
    </ClInclude>
    <ClInclude Include="clsCells.h">
      <Filter>Header Files</Filter>
    </ClInclude>
    <ClInclude Include="clsClientArea.h">
      <Filter>Header Files</Filter>
    </ClInclude>
    <ClInclude Include="clsCollectionBase.h">
      <Filter>Header Files</Filter>
    </ClInclude>
    <ClInclude Include="clsColumn.h">
      <Filter>Header Files</Filter>
    </ClInclude>
    <ClInclude Include="clsColumns.h">
      <Filter>Header Files</Filter>
    </ClInclude>
    <ClInclude Include="clsCultureInfo.h">
      <Filter>Header Files</Filter>
    </ClInclude>
    <ClInclude Include="clsCustomBorderStyle.h">
      <Filter>Header Files</Filter>
    </ClInclude>
    <ClInclude Include="clsDrawing.h">
      <Filter>Header Files</Filter>
    </ClInclude>
    <ClInclude Include="clsFont.h">
      <Filter>Header Files</Filter>
    </ClInclude>
    <ClInclude Include="clsGDIGraphics.h">
      <Filter>Header Files</Filter>
    </ClInclude>
    <ClInclude Include="clsGraphics.h">
      <Filter>Header Files</Filter>
    </ClInclude>
    <ClInclude Include="clsGrid.h">
      <Filter>Header Files</Filter>
    </ClInclude>
    <ClInclude Include="clsHorizontalScrollBar.h">
      <Filter>Header Files</Filter>
    </ClInclude>
    <ClInclude Include="clsHScrollBarTemplate.h">
      <Filter>Header Files</Filter>
    </ClInclude>
    <ClInclude Include="clsImage.h">
      <Filter>Header Files</Filter>
    </ClInclude>
    <ClInclude Include="clsItemBase.h">
      <Filter>Header Files</Filter>
    </ClInclude>
    <ClInclude Include="clsLayer.h">
      <Filter>Header Files</Filter>
    </ClInclude>
    <ClInclude Include="clsLayers.h">
      <Filter>Header Files</Filter>
    </ClInclude>
    <ClInclude Include="clsMath.h">
      <Filter>Header Files</Filter>
    </ClInclude>
    <ClInclude Include="clsMilestoneStyle.h">
      <Filter>Header Files</Filter>
    </ClInclude>
    <ClInclude Include="clsMouseKeyboardEvents.h">
      <Filter>Header Files</Filter>
    </ClInclude>
    <ClInclude Include="clsNode.h">
      <Filter>Header Files</Filter>
    </ClInclude>
    <ClInclude Include="clsPercentage.h">
      <Filter>Header Files</Filter>
    </ClInclude>
    <ClInclude Include="clsPercentages.h">
      <Filter>Header Files</Filter>
    </ClInclude>
    <ClInclude Include="clsPredecessor.h">
      <Filter>Header Files</Filter>
    </ClInclude>
    <ClInclude Include="clsPredecessors.h">
      <Filter>Header Files</Filter>
    </ClInclude>
    <ClInclude Include="clsPredecessorStyle.h">
      <Filter>Header Files</Filter>
    </ClInclude>
    <ClInclude Include="clsPrinter.h">
      <Filter>Header Files</Filter>
    </ClInclude>
    <ClInclude Include="clsProgressLine.h">
      <Filter>Header Files</Filter>
    </ClInclude>
    <ClInclude Include="clsRow.h">
      <Filter>Header Files</Filter>
    </ClInclude>
    <ClInclude Include="clsRows.h">
      <Filter>Header Files</Filter>
    </ClInclude>
    <ClInclude Include="clsScrollBarSeparator.h">
      <Filter>Header Files</Filter>
    </ClInclude>
    <ClInclude Include="clsScrollBarStyle.h">
      <Filter>Header Files</Filter>
    </ClInclude>
    <ClInclude Include="clsSelectionRectangleStyle.h">
      <Filter>Header Files</Filter>
    </ClInclude>
    <ClInclude Include="clsSplitter.h">
      <Filter>Header Files</Filter>
    </ClInclude>
    <ClInclude Include="clsStyle.h">
      <Filter>Header Files</Filter>
    </ClInclude>
    <ClInclude Include="clsStyles.h">
      <Filter>Header Files</Filter>
    </ClInclude>
    <ClInclude Include="clsTask.h">
      <Filter>Header Files</Filter>
    </ClInclude>
    <ClInclude Include="clsTasks.h">
      <Filter>Header Files</Filter>
    </ClInclude>
    <ClInclude Include="clsTaskStyle.h">
      <Filter>Header Files</Filter>
    </ClInclude>
    <ClInclude Include="clsTextBox.h">
      <Filter>Header Files</Filter>
    </ClInclude>
    <ClInclude Include="clsTextFlags.h">
      <Filter>Header Files</Filter>
    </ClInclude>
    <ClInclude Include="clsTickMark.h">
      <Filter>Header Files</Filter>
    </ClInclude>
    <ClInclude Include="clsTickMarkArea.h">
      <Filter>Header Files</Filter>
    </ClInclude>
    <ClInclude Include="clsTickMarks.h">
      <Filter>Header Files</Filter>
    </ClInclude>
    <ClInclude Include="clsTier.h">
      <Filter>Header Files</Filter>
    </ClInclude>
    <ClInclude Include="clsTierAppearance.h">
      <Filter>Header Files</Filter>
    </ClInclude>
    <ClInclude Include="clsTierArea.h">
      <Filter>Header Files</Filter>
    </ClInclude>
    <ClInclude Include="clsTierColor.h">
      <Filter>Header Files</Filter>
    </ClInclude>
    <ClInclude Include="clsTierColors.h">
      <Filter>Header Files</Filter>
    </ClInclude>
    <ClInclude Include="clsTierFormat.h">
      <Filter>Header Files</Filter>
    </ClInclude>
    <ClInclude Include="clsTimeBlock.h">
      <Filter>Header Files</Filter>
    </ClInclude>
    <ClInclude Include="clsTimeBlocks.h">
      <Filter>Header Files</Filter>
    </ClInclude>
    <ClInclude Include="clsTimeLine.h">
      <Filter>Header Files</Filter>
    </ClInclude>
    <ClInclude Include="clsTimeLineScrollBar.h">
      <Filter>Header Files</Filter>
    </ClInclude>
    <ClInclude Include="clsToolTip.h">
      <Filter>Header Files</Filter>
    </ClInclude>
    <ClInclude Include="clsTreeview.h">
      <Filter>Header Files</Filter>
    </ClInclude>
    <ClInclude Include="clsVerticalScrollBar.h">
      <Filter>Header Files</Filter>
    </ClInclude>
    <ClInclude Include="clsView.h">
      <Filter>Header Files</Filter>
    </ClInclude>
    <ClInclude Include="clsViews.h">
      <Filter>Header Files</Filter>
    </ClInclude>
    <ClInclude Include="clsVScrollBarTemplate.h">
      <Filter>Header Files</Filter>
    </ClInclude>
    <ClInclude Include="clsXML.h">
      <Filter>Header Files</Filter>
    </ClInclude>
    <ClInclude Include="CustomTierDrawEventArgs.h">
      <Filter>Header Files</Filter>
    </ClInclude>
    <ClInclude Include="DrawEventArgs.h">
      <Filter>Header Files</Filter>
    </ClInclude>
    <ClInclude Include="ErrorEventArgs.h">
      <Filter>Header Files</Filter>
    </ClInclude>
    <ClInclude Include="fAbout.h">
      <Filter>Header Files</Filter>
    </ClInclude>
    <ClInclude Include="GlobalDateFunctions.h">
      <Filter>Header Files</Filter>
    </ClInclude>
    <ClInclude Include="GlobalFunctions.h">
      <Filter>Header Files</Filter>
    </ClInclude>
    <ClInclude Include="Globals.h">
      <Filter>Header Files</Filter>
    </ClInclude>
    <ClInclude Include="initgdiplus.h">
      <Filter>Header Files</Filter>
    </ClInclude>
    <ClInclude Include="KeyEventArgs.h">
      <Filter>Header Files</Filter>
    </ClInclude>
    <ClInclude Include="MouseEventArgs.h">
      <Filter>Header Files</Filter>
    </ClInclude>
    <ClInclude Include="MouseWheelEventArgs.h">
      <Filter>Header Files</Filter>
    </ClInclude>
    <ClInclude Include="NodeEventArgs.h">
      <Filter>Header Files</Filter>
    </ClInclude>
    <ClInclude Include="NumericFormat.h">
      <Filter>Header Files</Filter>
    </ClInclude>
    <ClInclude Include="ObjectAddedEventArgs.h">
      <Filter>Header Files</Filter>
    </ClInclude>
    <ClInclude Include="ObjectSelectedEventArgs.h">
      <Filter>Header Files</Filter>
    </ClInclude>
    <ClInclude Include="ObjectStateChangedEventArgs.h">
      <Filter>Header Files</Filter>
    </ClInclude>
    <ClInclude Include="PredecessorDrawEventArgs.h">
      <Filter>Header Files</Filter>
    </ClInclude>
    <ClInclude Include="PredecessorExceptionEventArgs.h">
      <Filter>Header Files</Filter>
    </ClInclude>
    <ClInclude Include="PrivateVars.h">
      <Filter>Header Files</Filter>
    </ClInclude>
    <ClInclude Include="Resource.h">
      <Filter>Header Files</Filter>
    </ClInclude>
    <ClInclude Include="ScrollEventArgs.h">
      <Filter>Header Files</Filter>
    </ClInclude>
    <ClInclude Include="StdAfx.h">
      <Filter>Header Files</Filter>
    </ClInclude>
    <ClInclude Include="TextEditEventArgs.h">
      <Filter>Header Files</Filter>
    </ClInclude>
    <ClInclude Include="ToolTipEventArgs.h">
      <Filter>Header Files</Filter>
    </ClInclude>
    <ClInclude Include="CustomTickMarkAreaDrawEventArgs.h">
      <Filter>Header Files</Filter>
    </ClInclude>
    <ClInclude Include="TickMarkTextDrawEventArgs.h">
      <Filter>Header Files</Filter>
    </ClInclude>
    <ClInclude Include="PagePrintEventArgs.h">
      <Filter>Header Files</Filter>
    </ClInclude>
    <ClInclude Include="clsConfiguration.h">
      <Filter>Header Files</Filter>
    </ClInclude>
    <ClInclude Include="ControlTemplateGradient.h">
      <Filter>Header Files</Filter>
    </ClInclude>
    <ClInclude Include="ControlTemplateSolid.h">
      <Filter>Header Files</Filter>
    </ClInclude>
    <ClInclude Include="Templates.h">
      <Filter>Header Files</Filter>
    </ClInclude>
    <ClInclude Include="ActiveGanttVCWrappers.h">
      <Filter>Header Files</Filter>
    </ClInclude>
  </ItemGroup>
</Project>