<?xml version="1.0" encoding="utf-8"?>
<Project ToolsVersion="4.0" xmlns="http://schemas.microsoft.com/developer/msbuild/2003">
  <ItemGroup>
    <Filter Include="Source Files">
      <UniqueIdentifier>{3e9d9840-2cab-46ea-a9e1-804032627321}</UniqueIdentifier>
      <Extensions>cpp;c;cxx;rc;def;r;odl;idl;hpj;bat</Extensions>
    </Filter>
    <Filter Include="Header Files">
      <UniqueIdentifier>{017a684c-f328-46b8-bd82-5a05cd70a3b9}</UniqueIdentifier>
      <Extensions>h;hpp;hxx;hm;inl</Extensions>
    </Filter>
    <Filter Include="Resource Files">
      <UniqueIdentifier>{d71c308c-9f6d-4f43-8f03-e184c9bda022}</UniqueIdentifier>
      <Extensions>ico;cur;bmp;dlg;rc2;rct;bin;rgs;gif;jpg;jpeg;jpe</Extensions>
    </Filter>
  </ItemGroup>
  <ItemGroup>
    <ClCompile Include="Assignment.cpp">
      <Filter>Source Files</Filter>
    </ClCompile>
    <ClCompile Include="AssignmentBaseline.cpp">
      <Filter>Source Files</Filter>
    </ClCompile>
    <ClCompile Include="AssignmentBaseline_C.cpp">
      <Filter>Source Files</Filter>
    </ClCompile>
    <ClCompile Include="AssignmentExtendedAttribute.cpp">
      <Filter>Source Files</Filter>
    </ClCompile>
    <ClCompile Include="AssignmentExtendedAttribute_C.cpp">
      <Filter>Source Files</Filter>
    </ClCompile>
    <ClCompile Include="Assignments.cpp">
      <Filter>Source Files</Filter>
    </ClCompile>
    <ClCompile Include="Calendar.cpp">
      <Filter>Source Files</Filter>
    </ClCompile>
    <ClCompile Include="CalendarException.cpp">
      <Filter>Source Files</Filter>
    </ClCompile>
    <ClCompile Include="CalendarExceptions.cpp">
      <Filter>Source Files</Filter>
    </ClCompile>
    <ClCompile Include="Calendars.cpp">
      <Filter>Source Files</Filter>
    </ClCompile>
    <ClCompile Include="CalendarWeekDay.cpp">
      <Filter>Source Files</Filter>
    </ClCompile>
    <ClCompile Include="CalendarWeekDays.cpp">
      <Filter>Source Files</Filter>
    </ClCompile>
    <ClCompile Include="CalendarWorkWeek.cpp">
      <Filter>Source Files</Filter>
    </ClCompile>
    <ClCompile Include="CalendarWorkWeeks.cpp">
      <Filter>Source Files</Filter>
    </ClCompile>
    <ClCompile Include="clsCollectionBase.cpp">
      <Filter>Source Files</Filter>
    </ClCompile>
    <ClCompile Include="clsItemBase.cpp">
      <Filter>Source Files</Filter>
    </ClCompile>
    <ClCompile Include="clsXML.cpp">
      <Filter>Source Files</Filter>
    </ClCompile>
    <ClCompile Include="Duration.cpp">
      <Filter>Source Files</Filter>
    </ClCompile>
    <ClCompile Include="ExtendedAttribute.cpp">
      <Filter>Source Files</Filter>
    </ClCompile>
    <ClCompile Include="ExtendedAttributes.cpp">
      <Filter>Source Files</Filter>
    </ClCompile>
    <ClCompile Include="ExtendedAttributeValue.cpp">
      <Filter>Source Files</Filter>
    </ClCompile>
    <ClCompile Include="ExtendedAttributeValueList.cpp">
      <Filter>Source Files</Filter>
    </ClCompile>
    <ClCompile Include="GlobalFunctions.cpp">
      <Filter>Source Files</Filter>
    </ClCompile>
    <ClCompile Include="MP14.cpp">
      <Filter>Source Files</Filter>
    </ClCompile>
    <ClCompile Include="MSP2010.cpp">
      <Filter>Source Files</Filter>
    </ClCompile>
    <ClCompile Include="MSP2010Ctl.cpp">
      <Filter>Source Files</Filter>
    </ClCompile>
    <ClCompile Include="MSP2010Ppg.cpp">
      <Filter>Source Files</Filter>
    </ClCompile>
    <ClCompile Include="OutlineCode.cpp">
      <Filter>Source Files</Filter>
    </ClCompile>
    <ClCompile Include="OutlineCodeMask.cpp">
      <Filter>Source Files</Filter>
    </ClCompile>
    <ClCompile Include="OutlineCodeMasks.cpp">
      <Filter>Source Files</Filter>
    </ClCompile>
    <ClCompile Include="OutlineCodes.cpp">
      <Filter>Source Files</Filter>
    </ClCompile>
    <ClCompile Include="OutlineCodeValue.cpp">
      <Filter>Source Files</Filter>
    </ClCompile>
    <ClCompile Include="OutlineCodeValues.cpp">
      <Filter>Source Files</Filter>
    </ClCompile>
    <ClCompile Include="Resource.cpp">
      <Filter>Source Files</Filter>
    </ClCompile>
    <ClCompile Include="ResourceAvailabilityPeriod.cpp">
      <Filter>Source Files</Filter>
    </ClCompile>
    <ClCompile Include="ResourceAvailabilityPeriods.cpp">
      <Filter>Source Files</Filter>
    </ClCompile>
    <ClCompile Include="ResourceBaseline.cpp">
      <Filter>Source Files</Filter>
    </ClCompile>
    <ClCompile Include="ResourceBaseline_C.cpp">
      <Filter>Source Files</Filter>
    </ClCompile>
    <ClCompile Include="ResourceExtendedAttribute.cpp">
      <Filter>Source Files</Filter>
    </ClCompile>
    <ClCompile Include="ResourceExtendedAttribute_C.cpp">
      <Filter>Source Files</Filter>
    </ClCompile>
    <ClCompile Include="ResourceOutlineCode.cpp">
      <Filter>Source Files</Filter>
    </ClCompile>
    <ClCompile Include="ResourceOutlineCode_C.cpp">
      <Filter>Source Files</Filter>
    </ClCompile>
    <ClCompile Include="ResourceRate.cpp">
      <Filter>Source Files</Filter>
    </ClCompile>
    <ClCompile Include="ResourceRates.cpp">
      <Filter>Source Files</Filter>
    </ClCompile>
    <ClCompile Include="Resources.cpp">
      <Filter>Source Files</Filter>
    </ClCompile>
    <ClCompile Include="StdAfx.cpp">
      <Filter>Source Files</Filter>
    </ClCompile>
    <ClCompile Include="Task.cpp">
      <Filter>Source Files</Filter>
    </ClCompile>
    <ClCompile Include="TaskBaseline.cpp">
      <Filter>Source Files</Filter>
    </ClCompile>
    <ClCompile Include="TaskBaseline_C.cpp">
      <Filter>Source Files</Filter>
    </ClCompile>
    <ClCompile Include="TaskExtendedAttribute.cpp">
      <Filter>Source Files</Filter>
    </ClCompile>
    <ClCompile Include="TaskExtendedAttribute_C.cpp">
      <Filter>Source Files</Filter>
    </ClCompile>
    <ClCompile Include="TaskOutlineCode.cpp">
      <Filter>Source Files</Filter>
    </ClCompile>
    <ClCompile Include="TaskOutlineCode_C.cpp">
      <Filter>Source Files</Filter>
    </ClCompile>
    <ClCompile Include="TaskPredecessorLink.cpp">
      <Filter>Source Files</Filter>
    </ClCompile>
    <ClCompile Include="TaskPredecessorLink_C.cpp">
      <Filter>Source Files</Filter>
    </ClCompile>
    <ClCompile Include="Tasks.cpp">
      <Filter>Source Files</Filter>
    </ClCompile>
    <ClCompile Include="Time.cpp">
      <Filter>Source Files</Filter>
    </ClCompile>
    <ClCompile Include="TimePeriod.cpp">
      <Filter>Source Files</Filter>
    </ClCompile>
    <ClCompile Include="TimePeriods.cpp">
      <Filter>Source Files</Filter>
    </ClCompile>
    <ClCompile Include="TimephasedData.cpp">
      <Filter>Source Files</Filter>
    </ClCompile>
    <ClCompile Include="TimephasedData_C.cpp">
      <Filter>Source Files</Filter>
    </ClCompile>
    <ClCompile Include="WBSMask.cpp">
      <Filter>Source Files</Filter>
    </ClCompile>
    <ClCompile Include="WBSMasks.cpp">
      <Filter>Source Files</Filter>
    </ClCompile>
    <ClCompile Include="WeekDay.cpp">
      <Filter>Source Files</Filter>
    </ClCompile>
    <ClCompile Include="WeekDay_C.cpp">
      <Filter>Source Files</Filter>
    </ClCompile>
    <ClCompile Include="WorkingTime.cpp">
      <Filter>Source Files</Filter>
    </ClCompile>
    <ClCompile Include="WorkingTimes.cpp">
      <Filter>Source Files</Filter>
    </ClCompile>
  </ItemGroup>
  <ItemGroup>
    <None Include="MSP2010.def">
      <Filter>Source Files</Filter>
    </None>
    <None Include="..\..\..\..\ART WORK\MS Project\2010_15x16.bmp">
      <Filter>Resource Files</Filter>
    </None>
    <None Include="..\..\..\..\ART WORK\MS Project\2010_32x32.bmp">
      <Filter>Resource Files</Filter>
    </None>
    <None Include="MSP2010.ico">
      <Filter>Resource Files</Filter>
    </None>
    <None Include="MSP2010Ctl.bmp">
      <Filter>Resource Files</Filter>
    </None>
  </ItemGroup>
  <ItemGroup>
    <Midl Include="MSP2010.odl">
      <Filter>Source Files</Filter>
    </Midl>
  </ItemGroup>
  <ItemGroup>
    <ResourceCompile Include="MSP2010.rc">
      <Filter>Source Files</Filter>
    </ResourceCompile>
  </ItemGroup>
  <ItemGroup>
    <ClInclude Include="Assignment.h">
      <Filter>Header Files</Filter>
    </ClInclude>
    <ClInclude Include="AssignmentBaseline.h">
      <Filter>Header Files</Filter>
    </ClInclude>
    <ClInclude Include="AssignmentBaseline_C.h">
      <Filter>Header Files</Filter>
    </ClInclude>
    <ClInclude Include="AssignmentExtendedAttribute.h">
      <Filter>Header Files</Filter>
    </ClInclude>
    <ClInclude Include="AssignmentExtendedAttribute_C.h">
      <Filter>Header Files</Filter>
    </ClInclude>
    <ClInclude Include="Assignments.h">
      <Filter>Header Files</Filter>
    </ClInclude>
    <ClInclude Include="Calendar.h">
      <Filter>Header Files</Filter>
    </ClInclude>
    <ClInclude Include="CalendarException.h">
      <Filter>Header Files</Filter>
    </ClInclude>
    <ClInclude Include="CalendarExceptions.h">
      <Filter>Header Files</Filter>
    </ClInclude>
    <ClInclude Include="Calendars.h">
      <Filter>Header Files</Filter>
    </ClInclude>
    <ClInclude Include="CalendarWeekDay.h">
      <Filter>Header Files</Filter>
    </ClInclude>
    <ClInclude Include="CalendarWeekDays.h">
      <Filter>Header Files</Filter>
    </ClInclude>
    <ClInclude Include="CalendarWorkWeek.h">
      <Filter>Header Files</Filter>
    </ClInclude>
    <ClInclude Include="CalendarWorkWeeks.h">
      <Filter>Header Files</Filter>
    </ClInclude>
    <ClInclude Include="clsCollectionBase.h">
      <Filter>Header Files</Filter>
    </ClInclude>
    <ClInclude Include="clsItemBase.h">
      <Filter>Header Files</Filter>
    </ClInclude>
    <ClInclude Include="clsXML.h">
      <Filter>Header Files</Filter>
    </ClInclude>
    <ClInclude Include="Duration.h">
      <Filter>Header Files</Filter>
    </ClInclude>
    <ClInclude Include="ExtendedAttribute.h">
      <Filter>Header Files</Filter>
    </ClInclude>
    <ClInclude Include="ExtendedAttributes.h">
      <Filter>Header Files</Filter>
    </ClInclude>
    <ClInclude Include="ExtendedAttributeValue.h">
      <Filter>Header Files</Filter>
    </ClInclude>
    <ClInclude Include="ExtendedAttributeValueList.h">
      <Filter>Header Files</Filter>
    </ClInclude>
    <ClInclude Include="GlobalFunctions.h">
      <Filter>Header Files</Filter>
    </ClInclude>
    <ClInclude Include="Globals.h">
      <Filter>Header Files</Filter>
    </ClInclude>
    <ClInclude Include="MP14.h">
      <Filter>Header Files</Filter>
    </ClInclude>
    <ClInclude Include="MSP2010.h">
      <Filter>Header Files</Filter>
    </ClInclude>
    <ClInclude Include="MSP2010_resource.h">
      <Filter>Header Files</Filter>
    </ClInclude>
    <ClInclude Include="MSP2010Ctl.h">
      <Filter>Header Files</Filter>
    </ClInclude>
    <ClInclude Include="MSP2010Ppg.h">
      <Filter>Header Files</Filter>
    </ClInclude>
    <ClInclude Include="OutlineCode.h">
      <Filter>Header Files</Filter>
    </ClInclude>
    <ClInclude Include="OutlineCodeMask.h">
      <Filter>Header Files</Filter>
    </ClInclude>
    <ClInclude Include="OutlineCodeMasks.h">
      <Filter>Header Files</Filter>
    </ClInclude>
    <ClInclude Include="OutlineCodes.h">
      <Filter>Header Files</Filter>
    </ClInclude>
    <ClInclude Include="OutlineCodeValue.h">
      <Filter>Header Files</Filter>
    </ClInclude>
    <ClInclude Include="OutlineCodeValues.h">
      <Filter>Header Files</Filter>
    </ClInclude>
    <ClInclude Include="Resource.h">
      <Filter>Header Files</Filter>
    </ClInclude>
    <ClInclude Include="ResourceAvailabilityPeriod.h">
      <Filter>Header Files</Filter>
    </ClInclude>
    <ClInclude Include="ResourceAvailabilityPeriods.h">
      <Filter>Header Files</Filter>
    </ClInclude>
    <ClInclude Include="ResourceBaseline.h">
      <Filter>Header Files</Filter>
    </ClInclude>
    <ClInclude Include="ResourceBaseline_C.h">
      <Filter>Header Files</Filter>
    </ClInclude>
    <ClInclude Include="ResourceExtendedAttribute.h">
      <Filter>Header Files</Filter>
    </ClInclude>
    <ClInclude Include="ResourceExtendedAttribute_C.h">
      <Filter>Header Files</Filter>
    </ClInclude>
    <ClInclude Include="ResourceOutlineCode.h">
      <Filter>Header Files</Filter>
    </ClInclude>
    <ClInclude Include="ResourceOutlineCode_C.h">
      <Filter>Header Files</Filter>
    </ClInclude>
    <ClInclude Include="ResourceRate.h">
      <Filter>Header Files</Filter>
    </ClInclude>
    <ClInclude Include="ResourceRates.h">
      <Filter>Header Files</Filter>
    </ClInclude>
    <ClInclude Include="Resources.h">
      <Filter>Header Files</Filter>
    </ClInclude>
    <ClInclude Include="StdAfx.h">
      <Filter>Header Files</Filter>
    </ClInclude>
    <ClInclude Include="Task.h">
      <Filter>Header Files</Filter>
    </ClInclude>
    <ClInclude Include="TaskBaseline.h">
      <Filter>Header Files</Filter>
    </ClInclude>
    <ClInclude Include="TaskBaseline_C.h">
      <Filter>Header Files</Filter>
    </ClInclude>
    <ClInclude Include="TaskExtendedAttribute.h">
      <Filter>Header Files</Filter>
    </ClInclude>
    <ClInclude Include="TaskExtendedAttribute_C.h">
      <Filter>Header Files</Filter>
    </ClInclude>
    <ClInclude Include="TaskOutlineCode.h">
      <Filter>Header Files</Filter>
    </ClInclude>
    <ClInclude Include="TaskOutlineCode_C.h">
      <Filter>Header Files</Filter>
    </ClInclude>
    <ClInclude Include="TaskPredecessorLink.h">
      <Filter>Header Files</Filter>
    </ClInclude>
    <ClInclude Include="TaskPredecessorLink_C.h">
      <Filter>Header Files</Filter>
    </ClInclude>
    <ClInclude Include="Tasks.h">
      <Filter>Header Files</Filter>
    </ClInclude>
    <ClInclude Include="Time.h">
      <Filter>Header Files</Filter>
    </ClInclude>
    <ClInclude Include="TimePeriod.h">
      <Filter>Header Files</Filter>
    </ClInclude>
    <ClInclude Include="TimePeriods.h">
      <Filter>Header Files</Filter>
    </ClInclude>
    <ClInclude Include="TimephasedData.h">
      <Filter>Header Files</Filter>
    </ClInclude>
    <ClInclude Include="TimephasedData_C.h">
      <Filter>Header Files</Filter>
    </ClInclude>
    <ClInclude Include="WBSMask.h">
      <Filter>Header Files</Filter>
    </ClInclude>
    <ClInclude Include="WBSMasks.h">
      <Filter>Header Files</Filter>
    </ClInclude>
    <ClInclude Include="WeekDay.h">
      <Filter>Header Files</Filter>
    </ClInclude>
    <ClInclude Include="WeekDay_C.h">
      <Filter>Header Files</Filter>
    </ClInclude>
    <ClInclude Include="WorkingTime.h">
      <Filter>Header Files</Filter>
    </ClInclude>
    <ClInclude Include="WorkingTimes.h">
      <Filter>Header Files</Filter>
    </ClInclude>
    <ClInclude Include="X_Globals.h">
      <Filter>Header Files</Filter>
    </ClInclude>
    <ClInclude Include="stdafx_inc.h">
      <Filter>Header Files</Filter>
    </ClInclude>
    <ClInclude Include="odl_inc.odl">
      <Filter>Header Files</Filter>
    </ClInclude>
  </ItemGroup>
  <ItemGroup>
    <Image Include="2010_15x16.bmp">
      <Filter>Resource Files</Filter>
    </Image>
    <Image Include="2010_32x32.bmp">
      <Filter>Resource Files</Filter>
    </Image>
    <Image Include="2010_32x32.png">
      <Filter>Resource Files</Filter>
    </Image>
  </ItemGroup>
</Project>